// !$*UTF8*$!
{
	archiveVersion = 1;
	classes = {
	};
	objectVersion = 55;
	objects = {

/* Begin PBXBuildFile section */
		8A8C8B5F282B80090015BA4D /* AppDelegate.swift in Sources */ = {isa = PBXBuildFile; fileRef = 8A8C8B5E282B80090015BA4D /* AppDelegate.swift */; };
		8A8C8B61282B80090015BA4D /* SceneDelegate.swift in Sources */ = {isa = PBXBuildFile; fileRef = 8A8C8B60282B80090015BA4D /* SceneDelegate.swift */; };
		8A8C8B63282B80090015BA4D /* ViewController.swift in Sources */ = {isa = PBXBuildFile; fileRef = 8A8C8B62282B80090015BA4D /* ViewController.swift */; };
		8A8C8B66282B80090015BA4D /* Main.storyboard in Resources */ = {isa = PBXBuildFile; fileRef = 8A8C8B64282B80090015BA4D /* Main.storyboard */; };
		8A8C8B68282B80090015BA4D /* Assets.xcassets in Resources */ = {isa = PBXBuildFile; fileRef = 8A8C8B67282B80090015BA4D /* Assets.xcassets */; };
		8A8C8B6B282B80090015BA4D /* LaunchScreen.storyboard in Resources */ = {isa = PBXBuildFile; fileRef = 8A8C8B69282B80090015BA4D /* LaunchScreen.storyboard */; };
		8A8C8B74282B825D0015BA4D /* RxCocoa in Frameworks */ = {isa = PBXBuildFile; productRef = 8A8C8B73282B825D0015BA4D /* RxCocoa */; };
		8A8C8B76282B825D0015BA4D /* RxRelay in Frameworks */ = {isa = PBXBuildFile; productRef = 8A8C8B75282B825D0015BA4D /* RxRelay */; };
		8A8C8B78282B825D0015BA4D /* RxSwift in Frameworks */ = {isa = PBXBuildFile; productRef = 8A8C8B77282B825D0015BA4D /* RxSwift */; };
		8A8C8B7C282B84E90015BA4D /* LoginResult.swift in Sources */ = {isa = PBXBuildFile; fileRef = 8A8C8B7B282B84E90015BA4D /* LoginResult.swift */; };
		8A8C8B7E282B90360015BA4D /* PostResult.swift in Sources */ = {isa = PBXBuildFile; fileRef = 8A8C8B7D282B90360015BA4D /* PostResult.swift */; };
		8A8C8B80282B9E850015BA4D /* NetworkService.swift in Sources */ = {isa = PBXBuildFile; fileRef = 8A8C8B7F282B9E850015BA4D /* NetworkService.swift */; };
/* End PBXBuildFile section */

/* Begin PBXFileReference section */
		8A8C8B5B282B80090015BA4D /* RxNetwork.app */ = {isa = PBXFileReference; explicitFileType = wrapper.application; includeInIndex = 0; path = RxNetwork.app; sourceTree = BUILT_PRODUCTS_DIR; };
		8A8C8B5E282B80090015BA4D /* AppDelegate.swift */ = {isa = PBXFileReference; lastKnownFileType = sourcecode.swift; path = AppDelegate.swift; sourceTree = "<group>"; };
		8A8C8B60282B80090015BA4D /* SceneDelegate.swift */ = {isa = PBXFileReference; lastKnownFileType = sourcecode.swift; path = SceneDelegate.swift; sourceTree = "<group>"; };
		8A8C8B62282B80090015BA4D /* ViewController.swift */ = {isa = PBXFileReference; lastKnownFileType = sourcecode.swift; path = ViewController.swift; sourceTree = "<group>"; };
		8A8C8B65282B80090015BA4D /* Base */ = {isa = PBXFileReference; lastKnownFileType = file.storyboard; name = Base; path = Base.lproj/Main.storyboard; sourceTree = "<group>"; };
		8A8C8B67282B80090015BA4D /* Assets.xcassets */ = {isa = PBXFileReference; lastKnownFileType = folder.assetcatalog; path = Assets.xcassets; sourceTree = "<group>"; };
		8A8C8B6A282B80090015BA4D /* Base */ = {isa = PBXFileReference; lastKnownFileType = file.storyboard; name = Base; path = Base.lproj/LaunchScreen.storyboard; sourceTree = "<group>"; };
		8A8C8B6C282B80090015BA4D /* Info.plist */ = {isa = PBXFileReference; lastKnownFileType = text.plist.xml; path = Info.plist; sourceTree = "<group>"; };
		8A8C8B7B282B84E90015BA4D /* LoginResult.swift */ = {isa = PBXFileReference; lastKnownFileType = sourcecode.swift; path = LoginResult.swift; sourceTree = "<group>"; };
		8A8C8B7D282B90360015BA4D /* PostResult.swift */ = {isa = PBXFileReference; lastKnownFileType = sourcecode.swift; path = PostResult.swift; sourceTree = "<group>"; };
		8A8C8B7F282B9E850015BA4D /* NetworkService.swift */ = {isa = PBXFileReference; lastKnownFileType = sourcecode.swift; path = NetworkService.swift; sourceTree = "<group>"; };
/* End PBXFileReference section */

/* Begin PBXFrameworksBuildPhase section */
		8A8C8B58282B80090015BA4D /* Frameworks */ = {
			isa = PBXFrameworksBuildPhase;
			buildActionMask = 2147483647;
			files = (
				8A8C8B78282B825D0015BA4D /* RxSwift in Frameworks */,
				8A8C8B76282B825D0015BA4D /* RxRelay in Frameworks */,
				8A8C8B74282B825D0015BA4D /* RxCocoa in Frameworks */,
			);
			runOnlyForDeploymentPostprocessing = 0;
		};
/* End PBXFrameworksBuildPhase section */

/* Begin PBXGroup section */
		8A8C8B52282B80090015BA4D = {
			isa = PBXGroup;
			children = (
				8A8C8B5D282B80090015BA4D /* RxNetwork */,
				8A8C8B5C282B80090015BA4D /* Products */,
			);
			sourceTree = "<group>";
		};
		8A8C8B5C282B80090015BA4D /* Products */ = {
			isa = PBXGroup;
			children = (
				8A8C8B5B282B80090015BA4D /* RxNetwork.app */,
			);
			name = Products;
			sourceTree = "<group>";
		};
		8A8C8B5D282B80090015BA4D /* RxNetwork */ = {
			isa = PBXGroup;
			children = (
				8A8C8B85282BC31B0015BA4D /* View */,
				8A8C8B82282BC3030015BA4D /* Network */,
				8A8C8B81282BC2F50015BA4D /* Model */,
				8A8C8B60282B80090015BA4D /* SceneDelegate.swift */,
				8A8C8B5E282B80090015BA4D /* AppDelegate.swift */,
				8A8C8B67282B80090015BA4D /* Assets.xcassets */,
				8A8C8B69282B80090015BA4D /* LaunchScreen.storyboard */,
				8A8C8B6C282B80090015BA4D /* Info.plist */,
			);
			path = RxNetwork;
			sourceTree = "<group>";
		};
		8A8C8B81282BC2F50015BA4D /* Model */ = {
			isa = PBXGroup;
			children = (
				8A8C8B7D282B90360015BA4D /* PostResult.swift */,
				8A8C8B7B282B84E90015BA4D /* LoginResult.swift */,
			);
			path = Model;
			sourceTree = "<group>";
		};
		8A8C8B82282BC3030015BA4D /* Network */ = {
			isa = PBXGroup;
			children = (
				8A8C8B7F282B9E850015BA4D /* NetworkService.swift */,
			);
			path = Network;
			sourceTree = "<group>";
		};
		8A8C8B85282BC31B0015BA4D /* View */ = {
			isa = PBXGroup;
			children = (
				8A8C8B62282B80090015BA4D /* ViewController.swift */,
				8A8C8B64282B80090015BA4D /* Main.storyboard */,
			);
			path = View;
			sourceTree = "<group>";
		};
/* End PBXGroup section */

/* Begin PBXNativeTarget section */
		8A8C8B5A282B80090015BA4D /* RxNetwork */ = {
			isa = PBXNativeTarget;
			buildConfigurationList = 8A8C8B6F282B80090015BA4D /* Build configuration list for PBXNativeTarget "RxNetwork" */;
			buildPhases = (
				8A8C8B57282B80090015BA4D /* Sources */,
				8A8C8B58282B80090015BA4D /* Frameworks */,
				8A8C8B59282B80090015BA4D /* Resources */,
			);
			buildRules = (
			);
			dependencies = (
			);
			name = RxNetwork;
			packageProductDependencies = (
				8A8C8B73282B825D0015BA4D /* RxCocoa */,
				8A8C8B75282B825D0015BA4D /* RxRelay */,
				8A8C8B77282B825D0015BA4D /* RxSwift */,
			);
			productName = RxNetwork;
			productReference = 8A8C8B5B282B80090015BA4D /* RxNetwork.app */;
			productType = "com.apple.product-type.application";
		};
/* End PBXNativeTarget section */

/* Begin PBXProject section */
		8A8C8B53282B80090015BA4D /* Project object */ = {
			isa = PBXProject;
			attributes = {
				BuildIndependentTargetsInParallel = 1;
				LastSwiftUpdateCheck = 1330;
				LastUpgradeCheck = 1330;
				TargetAttributes = {
					8A8C8B5A282B80090015BA4D = {
						CreatedOnToolsVersion = 13.3.1;
					};
				};
			};
			buildConfigurationList = 8A8C8B56282B80090015BA4D /* Build configuration list for PBXProject "RxNetwork" */;
			compatibilityVersion = "Xcode 13.0";
			developmentRegion = en;
			hasScannedForEncodings = 0;
			knownRegions = (
				en,
				Base,
			);
			mainGroup = 8A8C8B52282B80090015BA4D;
			packageReferences = (
				8A8C8B72282B825D0015BA4D /* XCRemoteSwiftPackageReference "RxSwift" */,
			);
			productRefGroup = 8A8C8B5C282B80090015BA4D /* Products */;
			projectDirPath = "";
			projectRoot = "";
			targets = (
				8A8C8B5A282B80090015BA4D /* RxNetwork */,
			);
		};
/* End PBXProject section */

/* Begin PBXResourcesBuildPhase section */
		8A8C8B59282B80090015BA4D /* Resources */ = {
			isa = PBXResourcesBuildPhase;
			buildActionMask = 2147483647;
			files = (
				8A8C8B6B282B80090015BA4D /* LaunchScreen.storyboard in Resources */,
				8A8C8B68282B80090015BA4D /* Assets.xcassets in Resources */,
				8A8C8B66282B80090015BA4D /* Main.storyboard in Resources */,
			);
			runOnlyForDeploymentPostprocessing = 0;
		};
/* End PBXResourcesBuildPhase section */

/* Begin PBXSourcesBuildPhase section */
		8A8C8B57282B80090015BA4D /* Sources */ = {
			isa = PBXSourcesBuildPhase;
			buildActionMask = 2147483647;
			files = (
				8A8C8B7C282B84E90015BA4D /* LoginResult.swift in Sources */,
				8A8C8B63282B80090015BA4D /* ViewController.swift in Sources */,
				8A8C8B5F282B80090015BA4D /* AppDelegate.swift in Sources */,
				8A8C8B7E282B90360015BA4D /* PostResult.swift in Sources */,
				8A8C8B80282B9E850015BA4D /* NetworkService.swift in Sources */,
				8A8C8B61282B80090015BA4D /* SceneDelegate.swift in Sources */,
			);
			runOnlyForDeploymentPostprocessing = 0;
		};
/* End PBXSourcesBuildPhase section */

/* Begin PBXVariantGroup section */
		8A8C8B64282B80090015BA4D /* Main.storyboard */ = {
			isa = PBXVariantGroup;
			children = (
				8A8C8B65282B80090015BA4D /* Base */,
			);
			name = Main.storyboard;
			sourceTree = "<group>";
		};
		8A8C8B69282B80090015BA4D /* LaunchScreen.storyboard */ = {
			isa = PBXVariantGroup;
			children = (
				8A8C8B6A282B80090015BA4D /* Base */,
			);
			name = LaunchScreen.storyboard;
			sourceTree = "<group>";
		};
/* End PBXVariantGroup section */

/* Begin XCBuildConfiguration section */
		8A8C8B6D282B80090015BA4D /* Debug */ = {
			isa = XCBuildConfiguration;
			buildSettings = {
				ALWAYS_SEARCH_USER_PATHS = NO;
				CLANG_ANALYZER_NONNULL = YES;
				CLANG_ANALYZER_NUMBER_OBJECT_CONVERSION = YES_AGGRESSIVE;
				CLANG_CXX_LANGUAGE_STANDARD = "gnu++17";
				CLANG_ENABLE_MODULES = YES;
				CLANG_ENABLE_OBJC_ARC = YES;
				CLANG_ENABLE_OBJC_WEAK = YES;
				CLANG_WARN_BLOCK_CAPTURE_AUTORELEASING = YES;
				CLANG_WARN_BOOL_CONVERSION = YES;
				CLANG_WARN_COMMA = YES;
				CLANG_WARN_CONSTANT_CONVERSION = YES;
				CLANG_WARN_DEPRECATED_OBJC_IMPLEMENTATIONS = YES;
				CLANG_WARN_DIRECT_OBJC_ISA_USAGE = YES_ERROR;
				CLANG_WARN_DOCUMENTATION_COMMENTS = YES;
				CLANG_WARN_EMPTY_BODY = YES;
				CLANG_WARN_ENUM_CONVERSION = YES;
				CLANG_WARN_INFINITE_RECURSION = YES;
				CLANG_WARN_INT_CONVERSION = YES;
				CLANG_WARN_NON_LITERAL_NULL_CONVERSION = YES;
				CLANG_WARN_OBJC_IMPLICIT_RETAIN_SELF = YES;
				CLANG_WARN_OBJC_LITERAL_CONVERSION = YES;
				CLANG_WARN_OBJC_ROOT_CLASS = YES_ERROR;
				CLANG_WARN_QUOTED_INCLUDE_IN_FRAMEWORK_HEADER = YES;
				CLANG_WARN_RANGE_LOOP_ANALYSIS = YES;
				CLANG_WARN_STRICT_PROTOTYPES = YES;
				CLANG_WARN_SUSPICIOUS_MOVE = YES;
				CLANG_WARN_UNGUARDED_AVAILABILITY = YES_AGGRESSIVE;
				CLANG_WARN_UNREACHABLE_CODE = YES;
				CLANG_WARN__DUPLICATE_METHOD_MATCH = YES;
				COPY_PHASE_STRIP = NO;
				DEBUG_INFORMATION_FORMAT = dwarf;
				ENABLE_STRICT_OBJC_MSGSEND = YES;
				ENABLE_TESTABILITY = YES;
				GCC_C_LANGUAGE_STANDARD = gnu11;
				GCC_DYNAMIC_NO_PIC = NO;
				GCC_NO_COMMON_BLOCKS = YES;
				GCC_OPTIMIZATION_LEVEL = 0;
				GCC_PREPROCESSOR_DEFINITIONS = (
					"DEBUG=1",
					"$(inherited)",
				);
				GCC_WARN_64_TO_32_BIT_CONVERSION = YES;
				GCC_WARN_ABOUT_RETURN_TYPE = YES_ERROR;
				GCC_WARN_UNDECLARED_SELECTOR = YES;
				GCC_WARN_UNINITIALIZED_AUTOS = YES_AGGRESSIVE;
				GCC_WARN_UNUSED_FUNCTION = YES;
				GCC_WARN_UNUSED_VARIABLE = YES;
				IPHONEOS_DEPLOYMENT_TARGET = 15.4;
				MTL_ENABLE_DEBUG_INFO = INCLUDE_SOURCE;
				MTL_FAST_MATH = YES;
				ONLY_ACTIVE_ARCH = YES;
				SDKROOT = iphoneos;
				SWIFT_ACTIVE_COMPILATION_CONDITIONS = DEBUG;
				SWIFT_OPTIMIZATION_LEVEL = "-Onone";
			};
			name = Debug;
		};
		8A8C8B6E282B80090015BA4D /* Release */ = {
			isa = XCBuildConfiguration;
			buildSettings = {
				ALWAYS_SEARCH_USER_PATHS = NO;
				CLANG_ANALYZER_NONNULL = YES;
				CLANG_ANALYZER_NUMBER_OBJECT_CONVERSION = YES_AGGRESSIVE;
				CLANG_CXX_LANGUAGE_STANDARD = "gnu++17";
				CLANG_ENABLE_MODULES = YES;
				CLANG_ENABLE_OBJC_ARC = YES;
				CLANG_ENABLE_OBJC_WEAK = YES;
				CLANG_WARN_BLOCK_CAPTURE_AUTORELEASING = YES;
				CLANG_WARN_BOOL_CONVERSION = YES;
				CLANG_WARN_COMMA = YES;
				CLANG_WARN_CONSTANT_CONVERSION = YES;
				CLANG_WARN_DEPRECATED_OBJC_IMPLEMENTATIONS = YES;
				CLANG_WARN_DIRECT_OBJC_ISA_USAGE = YES_ERROR;
				CLANG_WARN_DOCUMENTATION_COMMENTS = YES;
				CLANG_WARN_EMPTY_BODY = YES;
				CLANG_WARN_ENUM_CONVERSION = YES;
				CLANG_WARN_INFINITE_RECURSION = YES;
				CLANG_WARN_INT_CONVERSION = YES;
				CLANG_WARN_NON_LITERAL_NULL_CONVERSION = YES;
				CLANG_WARN_OBJC_IMPLICIT_RETAIN_SELF = YES;
				CLANG_WARN_OBJC_LITERAL_CONVERSION = YES;
				CLANG_WARN_OBJC_ROOT_CLASS = YES_ERROR;
				CLANG_WARN_QUOTED_INCLUDE_IN_FRAMEWORK_HEADER = YES;
				CLANG_WARN_RANGE_LOOP_ANALYSIS = YES;
				CLANG_WARN_STRICT_PROTOTYPES = YES;
				CLANG_WARN_SUSPICIOUS_MOVE = YES;
				CLANG_WARN_UNGUARDED_AVAILABILITY = YES_AGGRESSIVE;
				CLANG_WARN_UNREACHABLE_CODE = YES;
				CLANG_WARN__DUPLICATE_METHOD_MATCH = YES;
				COPY_PHASE_STRIP = NO;
				DEBUG_INFORMATION_FORMAT = "dwarf-with-dsym";
				ENABLE_NS_ASSERTIONS = NO;
				ENABLE_STRICT_OBJC_MSGSEND = YES;
				GCC_C_LANGUAGE_STANDARD = gnu11;
				GCC_NO_COMMON_BLOCKS = YES;
				GCC_WARN_64_TO_32_BIT_CONVERSION = YES;
				GCC_WARN_ABOUT_RETURN_TYPE = YES_ERROR;
				GCC_WARN_UNDECLARED_SELECTOR = YES;
				GCC_WARN_UNINITIALIZED_AUTOS = YES_AGGRESSIVE;
				GCC_WARN_UNUSED_FUNCTION = YES;
				GCC_WARN_UNUSED_VARIABLE = YES;
				IPHONEOS_DEPLOYMENT_TARGET = 15.4;
				MTL_ENABLE_DEBUG_INFO = NO;
				MTL_FAST_MATH = YES;
				SDKROOT = iphoneos;
				SWIFT_COMPILATION_MODE = wholemodule;
				SWIFT_OPTIMIZATION_LEVEL = "-O";
				VALIDATE_PRODUCT = YES;
			};
			name = Release;
		};
		8A8C8B70282B80090015BA4D /* Debug */ = {
			isa = XCBuildConfiguration;
			buildSettings = {
				ASSETCATALOG_COMPILER_APPICON_NAME = AppIcon;
				ASSETCATALOG_COMPILER_GLOBAL_ACCENT_COLOR_NAME = AccentColor;
				CODE_SIGN_STYLE = Automatic;
				CURRENT_PROJECT_VERSION = 1;
				GENERATE_INFOPLIST_FILE = YES;
				INFOPLIST_FILE = RxNetwork/Info.plist;
				INFOPLIST_KEY_UIApplicationSupportsIndirectInputEvents = YES;
				INFOPLIST_KEY_UILaunchStoryboardName = LaunchScreen;
				INFOPLIST_KEY_UIMainStoryboardFile = Main;
				INFOPLIST_KEY_UISupportedInterfaceOrientations_iPad = "UIInterfaceOrientationPortrait UIInterfaceOrientationPortraitUpsideDown UIInterfaceOrientationLandscapeLeft UIInterfaceOrientationLandscapeRight";
				INFOPLIST_KEY_UISupportedInterfaceOrientations_iPhone = "UIInterfaceOrientationPortrait UIInterfaceOrientationLandscapeLeft UIInterfaceOrientationLandscapeRight";
				LD_RUNPATH_SEARCH_PATHS = (
					"$(inherited)",
					"@executable_path/Frameworks",
				);
				MARKETING_VERSION = 1.0;
				PRODUCT_BUNDLE_IDENTIFIER = com.inu.RxNetwork;
				PRODUCT_NAME = "$(TARGET_NAME)";
				SWIFT_EMIT_LOC_STRINGS = YES;
				SWIFT_VERSION = 5.0;
				TARGETED_DEVICE_FAMILY = "1,2";
			};
			name = Debug;
		};
		8A8C8B71282B80090015BA4D /* Release */ = {
			isa = XCBuildConfiguration;
			buildSettings = {
				ASSETCATALOG_COMPILER_APPICON_NAME = AppIcon;
				ASSETCATALOG_COMPILER_GLOBAL_ACCENT_COLOR_NAME = AccentColor;
				CODE_SIGN_STYLE = Automatic;
				CURRENT_PROJECT_VERSION = 1;
				GENERATE_INFOPLIST_FILE = YES;
				INFOPLIST_FILE = RxNetwork/Info.plist;
				INFOPLIST_KEY_UIApplicationSupportsIndirectInputEvents = YES;
				INFOPLIST_KEY_UILaunchStoryboardName = LaunchScreen;
				INFOPLIST_KEY_UIMainStoryboardFile = Main;
				INFOPLIST_KEY_UISupportedInterfaceOrientations_iPad = "UIInterfaceOrientationPortrait UIInterfaceOrientationPortraitUpsideDown UIInterfaceOrientationLandscapeLeft UIInterfaceOrientationLandscapeRight";
				INFOPLIST_KEY_UISupportedInterfaceOrientations_iPhone = "UIInterfaceOrientationPortrait UIInterfaceOrientationLandscapeLeft UIInterfaceOrientationLandscapeRight";
				LD_RUNPATH_SEARCH_PATHS = (
					"$(inherited)",
					"@executable_path/Frameworks",
				);
				MARKETING_VERSION = 1.0;
				PRODUCT_BUNDLE_IDENTIFIER = com.inu.RxNetwork;
				PRODUCT_NAME = "$(TARGET_NAME)";
				SWIFT_EMIT_LOC_STRINGS = YES;
				SWIFT_VERSION = 5.0;
				TARGETED_DEVICE_FAMILY = "1,2";
			};
			name = Release;
		};
/* End XCBuildConfiguration section */

/* Begin XCConfigurationList section */
		8A8C8B56282B80090015BA4D /* Build configuration list for PBXProject "RxNetwork" */ = {
			isa = XCConfigurationList;
			buildConfigurations = (
				8A8C8B6D282B80090015BA4D /* Debug */,
				8A8C8B6E282B80090015BA4D /* Release */,
			);
			defaultConfigurationIsVisible = 0;
			defaultConfigurationName = Release;
		};
		8A8C8B6F282B80090015BA4D /* Build configuration list for PBXNativeTarget "RxNetwork" */ = {
			isa = XCConfigurationList;
			buildConfigurations = (
				8A8C8B70282B80090015BA4D /* Debug */,
				8A8C8B71282B80090015BA4D /* Release */,
			);
			defaultConfigurationIsVisible = 0;
			defaultConfigurationName = Release;
		};
/* End XCConfigurationList section */

/* Begin XCRemoteSwiftPackageReference section */
		8A8C8B72282B825D0015BA4D /* XCRemoteSwiftPackageReference "RxSwift" */ = {
			isa = XCRemoteSwiftPackageReference;
			repositoryURL = "https://github.com/ReactiveX/RxSwift";
			requirement = {
				branch = main;
				kind = branch;
			};
		};
/* End XCRemoteSwiftPackageReference section */

/* Begin XCSwiftPackageProductDependency section */
		8A8C8B73282B825D0015BA4D /* RxCocoa */ = {
			isa = XCSwiftPackageProductDependency;
			package = 8A8C8B72282B825D0015BA4D /* XCRemoteSwiftPackageReference "RxSwift" */;
			productName = RxCocoa;
		};
		8A8C8B75282B825D0015BA4D /* RxRelay */ = {
			isa = XCSwiftPackageProductDependency;
			package = 8A8C8B72282B825D0015BA4D /* XCRemoteSwiftPackageReference "RxSwift" */;
			productName = RxRelay;
		};
		8A8C8B77282B825D0015BA4D /* RxSwift */ = {
			isa = XCSwiftPackageProductDependency;
			package = 8A8C8B72282B825D0015BA4D /* XCRemoteSwiftPackageReference "RxSwift" */;
			productName = RxSwift;
		};
/* End XCSwiftPackageProductDependency section */
	};
	rootObject = 8A8C8B53282B80090015BA4D /* Project object */;
}
